
Microsoft Visual Studio Solution File, Format Version 12.00
# Visual Studio Version 17
VisualStudioVersion = 17.3.32901.215
MinimumVisualStudioVersion = 10.0.40219.1
Project("{9A19103F-16F7-4668-BE54-9A1E7A4F7556}") = "BlazerUI", "BlazerUI\BlazerUI.csproj", "{D26286C6-7797-40D9-A73E-774C3DC4D3F2}"
EndProject
Project("{9A19103F-16F7-4668-BE54-9A1E7A4F7556}") = "DataAccessLibrary", "DataAccessLibrary\DataAccessLibrary.csproj", "{B4A12F22-2ABB-4D11-9D05-70E8A462D677}"
EndProject
Global
	GlobalSection(SolutionConfigurationPlatforms) = preSolution
		Debug|Any CPU = Debug|Any CPU
		Release|Any CPU = Release|Any CPU
	EndGlobalSection
	GlobalSection(ProjectConfigurationPlatforms) = postSolution
		{D26286C6-7797-40D9-A73E-774C3DC4D3F2}.Debug|Any CPU.ActiveCfg = Debug|Any CPU
		{D26286C6-7797-40D9-A73E-774C3DC4D3F2}.Debug|Any CPU.Build.0 = Debug|Any CPU
		{D26286C6-7797-40D9-A73E-774C3DC4D3F2}.Release|Any CPU.ActiveCfg = Release|Any CPU
		{D26286C6-7797-40D9-A73E-774C3DC4D3F2}.Release|Any CPU.Build.0 = Release|Any CPU
		{B4A12F22-2ABB-4D11-9D05-70E8A462D677}.Debug|Any CPU.ActiveCfg = Debug|Any CPU
		{B4A12F22-2ABB-4D11-9D05-70E8A462D677}.Debug|Any CPU.Build.0 = Debug|Any CPU
		{B4A12F22-2ABB-4D11-9D05-70E8A462D677}.Release|Any CPU.ActiveCfg = Release|Any CPU
		{B4A12F22-2ABB-4D11-9D05-70E8A462D677}.Release|Any CPU.Build.0 = Release|Any CPU
	EndGlobalSection
	GlobalSection(SolutionProperties) = preSolution
		HideSolutionNode = FALSE
	EndGlobalSection
	GlobalSection(ExtensibilityGlobals) = postSolution
		SolutionGuid = {0F68E154-BAA5-4828-A3D8-87534FE53C0B}
	EndGlobalSection
EndGlobal
